
Microsoft Visual Studio Solution File, Format Version 12.00
# Visual Studio Version 16
VisualStudioVersion = 16.0.32002.261
MinimumVisualStudioVersion = 10.0.40219.1
Project("{FAE04EC0-301F-11D3-BF4B-00C04F79EFBC}") = "StokEkstresi", "StokEkstresi\StokEkstresi.csproj", "{2007CECA-82A6-4EC4-9EDB-BC73540D7C99}"
EndProject
Global
	GlobalSection(SolutionConfigurationPlatforms) = preSolution
		Debug|Any CPU = Debug|Any CPU
		Release|Any CPU = Release|Any CPU
	EndGlobalSection
	GlobalSection(ProjectConfigurationPlatforms) = postSolution
		{2007CECA-82A6-4EC4-9EDB-BC73540D7C99}.Debug|Any CPU.ActiveCfg = Debug|Any CPU
		{2007CECA-82A6-4EC4-9EDB-BC73540D7C99}.Debug|Any CPU.Build.0 = Debug|Any CPU
		{2007CECA-82A6-4EC4-9EDB-BC73540D7C99}.Release|Any CPU.ActiveCfg = Release|Any CPU
		{2007CECA-82A6-4EC4-9EDB-BC73540D7C99}.Release|Any CPU.Build.0 = Release|Any CPU
	EndGlobalSection
	GlobalSection(SolutionProperties) = preSolution
		HideSolutionNode = FALSE
	EndGlobalSection
	GlobalSection(ExtensibilityGlobals) = postSolution
		SolutionGuid = {7E9B4AC3-AA04-4166-AED0-FC582D99EA2E}
	EndGlobalSection
EndGlobal
